{
  "name": "seattle-portland-travel-planner",
  "version": "1.0.0",
  "lockfileVersion": 3,
  "requires": true,
  "packages": {
    "": {
      "name": "seattle-portland-travel-planner",
      "version": "1.0.0",
      "dependencies": {
        "@yizhiyanhua-ai/fireworks-tech-graph": "github:yizhiyanhua-ai/fireworks-tech-graph",
        "headroom-ai": "^0.22.4",
        "playwright": "^1.60.0"
      },
      "engines": {
        "node": ">=20"
      }
    },
    "node_modules/@yizhiyanhua-ai/fireworks-tech-graph": {
      "version": "1.0.4",
      "resolved": "git+ssh://git@github.com/yizhiyanhua-ai/fireworks-tech-graph.git#8925283897d1281e3f12d68b67ad5f9ac7db1820",
      "license": "MIT",
      "engines": {
        "node": ">=14.0.0"
      }
    },
    "node_modules/fsevents": {
      "version": "2.3.2",
      "resolved": "https://registry.npmjs.org/fsevents/-/fsevents-2.3.2.tgz",
      "integrity": "sha512-xiqMQR4xAeHTuB9uWm+fFRcIOgKBMiOBP+eXiyT7jsgVCq1bkVygt00oASowB7EdtpOHaaPgKt812P9ab+DDKA==",
      "hasInstallScript": true,
      "license": "MIT",
      "optional": true,
      "os": [
        "darwin"
      ],
      "engines": {
        "node": "^8.16.0 || ^10.6.0 || >=11.0.0"
      }
    },
    "node_modules/headroom-ai": {
      "version": "0.22.4",
      "resolved": "https://registry.npmjs.org/headroom-ai/-/headroom-ai-0.22.4.tgz",
      "integrity": "sha512-9a0rgB/jsWe8gs/ggyUwe6E8DYwKAuBvlUml2ApwlUjb5EfJ611X6X+WG0SiXw3nO6sdyV1/+Ah5uw9P7ecnjw==",
      "license": "Apache-2.0",
      "engines": {
        "node": ">=18.0.0"
      },
      "peerDependencies": {
        "@ai-sdk/provider": ">=1.0.0",
        "@anthropic-ai/sdk": ">=0.30.0",
        "ai": ">=6.0.0",
        "openai": ">=4.0.0"
      },
      "peerDependenciesMeta": {
        "@ai-sdk/provider": {
          "optional": true
        },
        "@anthropic-ai/sdk": {
          "optional": true
        },
        "ai": {
          "optional": true
        },
        "openai": {
          "optional": true
        }
      }
    },
    "node_modules/playwright": {
      "version": "1.60.0",
      "resolved": "https://registry.npmjs.org/playwright/-/playwright-1.60.0.tgz",
      "integrity": "sha512-hheHdokM8cdqCb0lcE3s+zT4t4W+vvjpGxsZlDnikarzx8tSzMebh3UiFtgqwFwnTnjYQcsyMF8ei2mCO/tpeA==",
      "license": "Apache-2.0",
      "dependencies": {
        "playwright-core": "1.60.0"
      },
      "bin": {
        "playwright": "cli.js"
      },
      "engines": {
        "node": ">=18"
      },
      "optionalDependencies": {
        "fsevents": "2.3.2"
      }
    },
    "node_modules/playwright-core": {
      "version": "1.60.0",
      "license": "Apache-2.0",
      "bin": {
        "playwright-core": "cli.js"
      },
      "engines": {
        "node": ">=18"
      }
    }
  }
}
